
Microsoft Visual Studio Solution File, Format Version 12.00
# Visual Studio Version 16
VisualStudioVersion = 16.0.31410.357
MinimumVisualStudioVersion = 10.0.40219.1
Project("{FAE04EC0-301F-11D3-BF4B-00C04F79EFBC}") = "wholesale", "wholesale.csproj", "{86A88C19-6B26-42CF-BB15-5CBAC85DFBF3}"
EndProject
Global
	GlobalSection(SolutionConfigurationPlatforms) = preSolution
		Debug|Any CPU = Debug|Any CPU
		Release|Any CPU = Release|Any CPU
	EndGlobalSection
	GlobalSection(ProjectConfigurationPlatforms) = postSolution
		{86A88C19-6B26-42CF-BB15-5CBAC85DFBF3}.Debug|Any CPU.ActiveCfg = Debug|Any CPU
		{86A88C19-6B26-42CF-BB15-5CBAC85DFBF3}.Debug|Any CPU.Build.0 = Debug|Any CPU
		{86A88C19-6B26-42CF-BB15-5CBAC85DFBF3}.Release|Any CPU.ActiveCfg = Release|Any CPU
		{86A88C19-6B26-42CF-BB15-5CBAC85DFBF3}.Release|Any CPU.Build.0 = Release|Any CPU
	EndGlobalSection
	GlobalSection(SolutionProperties) = preSolution
		HideSolutionNode = FALSE
	EndGlobalSection
	GlobalSection(ExtensibilityGlobals) = postSolution
		SolutionGuid = {F90BDEC4-83E3-48A5-AF15-2DC44F2F4C10}
	EndGlobalSection
EndGlobal
